# This file is automatically @generated by Cargo.
# It is not intended for manual editing.
version = 4

[[package]]
name = "adler2"
version = "2.0.1"
source = "registry+https://github.com/rust-lang/crates.io-index"
checksum = "320119579fcad9c21884f5c4861d16174d0e06250625266f50fe6898340abefa"

[[package]]
name = "aho-corasick"
version = "1.1.5"
source = "registry+https://github.com/rust-lang/crates.io-index"
checksum = "c982642fa9e8606056828ee9a8505737230110bb1099153c79efe865c59d12ba"
dependencies = [
 "memchr",
]

[[package]]
name = "anstream"
version = "1.0.0"
source = "registry+https://github.com/rust-lang/crates.io-index"
checksum = "824a212faf96e9acacdbd09febd34438f8f711fb84e09a8916013cd7815ca28d"
dependencies = [
 "anstyle",
 "anstyle-parse",
 "anstyle-query",
 "anstyle-wincon",
 "colorchoice",
 "is_terminal_polyfill",
 "utf8parse",
]

[[package]]
name = "anstyle"
version = "1.0.14"
source = "registry+https://github.com/rust-lang/crates.io-index"
checksum = "940b3a0ca603d1eade50a4846a2afffd5ef57a9feac2c0e2ec2e14f9ead76000"

[[package]]
name = "anstyle-parse"
version = "1.0.0"
source = "registry+https://github.com/rust-lang/crates.io-index"
checksum = "52ce7f38b242319f7cabaa6813055467063ecdc9d355bbb4ce0c68908cd8130e"
dependencies = [
 "utf8parse",
]

[[package]]
name = "anstyle-query"
version = "1.1.5"
source = "registry+https://github.com/rust-lang/crates.io-index"
checksum = "40c48f72fd53cd289104fc64099abca73db4166ad86ea0b4341abe65af83dadc"
dependencies = [
 "windows-sys 0.61.2",
]

[[package]]
name = "anstyle-wincon"
version = "3.0.11"
source = "registry+https://github.com/rust-lang/crates.io-index"
checksum = "291e6a250ff86cd4a820112fb8898808a366d8f9f58ce16d1f538353ad55747d"
dependencies = [
 "anstyle",
 "once_cell_polyfill",
 "windows-sys 0.61.2",
]

[[package]]
name = "anyhow"
version = "1.0.104"
source = "registry+https://github.com/rust-lang/crates.io-index"
checksum = "330a5ed07fa54e4702c9d6c4174f74427fc0ef6e214bbd677ae50a5099946470"

[[package]]
name = "autocfg"
version = "1.5.1"
source = "registry+https://github.com/rust-lang/crates.io-index"
checksum = "f2032f911046de80f0a198e0901378627c33f59ea0ac00e363d481118bd70a53"

[[package]]
name = "bitflags"
version = "2.13.1"
source = "registry+https://github.com/rust-lang/crates.io-index"
checksum = "b588b76d00fde79687d7646a9b5bdf3cc0f655e0bbd080335a95d7e96f3587da"

[[package]]
name = "bytemuck"
version = "1.25.2"
source = "registry+https://github.com/rust-lang/crates.io-index"
checksum = "95832e849adfb21180ccb6826a99da14e5d266ae5c2e668e1602cf234f153797"
dependencies = [
 "bytemuck_derive",
]

[[package]]
name = "bytemuck_derive"
version = "1.12.0"
source = "registry+https://github.com/rust-lang/crates.io-index"
checksum = "fc0e56a716f1e132ff6bf4bdac1c944a3fcdc1cae65f70a4a2a1ac3b401d2d1f"
dependencies = [
 "proc-macro2",
 "quote",
 "syn 3.0.5",
]

[[package]]
name = "byteorder-lite"
version = "0.1.0"
source = "registry+https://github.com/rust-lang/crates.io-index"
checksum = "8f1fe948ff07f4bd06c30984e69f5b4899c516a3ef74f34df92a2df2ab535495"

[[package]]
name = "cairo-rs"
version = "0.20.12"
source = "registry+https://github.com/rust-lang/crates.io-index"
checksum = "91e3bd0f4e25afa9cabc157908d14eeef9067d6448c49414d17b3fb55f0eadd0"
dependencies = [
 "bitflags",
 "cairo-sys-rs",
 "glib",
 "libc",
]

[[package]]
name = "cairo-sys-rs"
version = "0.20.10"
source = "registry+https://github.com/rust-lang/crates.io-index"
checksum = "059cc746549898cbfd9a47754288e5a958756650ef4652bbb6c5f71a6bda4f8b"
dependencies = [
 "glib-sys",
 "libc",
 "system-deps",
]

[[package]]
name = "cc"
version = "1.4.5"
source = "registry+https://github.com/rust-lang/crates.io-index"
checksum = "005ec2760ca554fae18df7a11195552ec576cd665632a881bc011d5bb2fd4d80"
dependencies = [
 "find-msvc-tools",
 "shlex",
]

[[package]]
name = "cfg-expr"
version = "0.20.9"
source = "registry+https://github.com/rust-lang/crates.io-index"
checksum = "fe4ece8474b5f766c63426647e7b4b316b67431ade1036a8313cee24a03ae917"
dependencies = [
 "smallvec",
 "target-lexicon",
]

[[package]]
name = "cfg-if"
version = "1.0.4"
source = "registry+https://github.com/rust-lang/crates.io-index"
checksum = "9330f8b2ff13f34540b44e946ef35111825727b38d33286ef986142615121801"

[[package]]
name = "clap"
version = "4.6.6"
source = "registry+https://github.com/rust-lang/crates.io-index"
checksum = "473c7e07f409a8d772161724aa8db6a765a2532a70f9667eeb7b49d3d02fbdca"
dependencies = [
 "clap_builder",
 "clap_derive",
]

[[package]]
name = "clap_builder"
version = "4.6.6"
source = "registry+https://github.com/rust-lang/crates.io-index"
checksum = "7b48fea5a88e9ae728a2dcbedbfc0e730f7d60da42e1cb049a83c9fb8b789889"
dependencies = [
 "anstream",
 "anstyle",
 "clap_lex",
 "strsim",
]

[[package]]
name = "clap_derive"
version = "4.6.4"
source = "registry+https://github.com/rust-lang/crates.io-index"
checksum = "d012d2b9d65aca7f18f4d9878a045bc17899bba951561ba5ec3c2ba1eed9a061"
dependencies = [
 "heck",
 "proc-macro2",
 "quote",
 "syn 3.0.5",
]

[[package]]
name = "clap_lex"
version = "1.1.0"
source = "registry+https://github.com/rust-lang/crates.io-index"
checksum = "c8d4a3bb8b1e0c1050499d1815f5ab16d04f0959b233085fb31653fbfc9d98f9"

[[package]]
name = "colorchoice"
version = "1.0.5"
source = "registry+https://github.com/rust-lang/crates.io-index"
checksum = "1d07550c9036bf2ae0c684c4297d503f838287c83c53686d05370d0e139ae570"

[[package]]
name = "crc32fast"
version = "1.5.1"
source = "registry+https://github.com/rust-lang/crates.io-index"
checksum = "8498c871161e1742aaa9d52551b2d6ebdd4c3d45a3be423e3728f33b955be550"
dependencies = [
 "cfg-if",
]

[[package]]
name = "dlib"
version = "0.5.3"
source = "registry+https://github.com/rust-lang/crates.io-index"
checksum = "ab8ecd87370524b461f8557c119c405552c396ed91fc0a8eec68679eab26f94a"
dependencies = [
 "libloading",
]

[[package]]
name = "downcast-rs"
version = "1.2.1"
source = "registry+https://github.com/rust-lang/crates.io-index"
checksum = "75b325c5dbd37f80359721ad39aca5a29fb04c89279657cffdda8736d0c0b9d2"

[[package]]
name = "drm"
version = "0.14.1"
source = "registry+https://github.com/rust-lang/crates.io-index"
checksum = "80bc8c5c6c2941f70a55c15f8d9f00f9710ebda3ffda98075f996a0e6c92756f"
dependencies = [
 "bitflags",
 "bytemuck",
 "drm-ffi",
 "drm-fourcc",
 "libc",
 "rustix 0.38.44",
]

[[package]]
name = "drm"
version = "0.15.0"
source = "registry+https://github.com/rust-lang/crates.io-index"
checksum = "7a41816e58f47f49acfd956651055ddcf137c4882c2098c30c448817af21183a"
dependencies = [
 "bitflags",
 "bytemuck",
 "bytemuck_derive",
 "drm-ffi",
 "drm-fourcc",
 "libc",
 "rustix 1.1.4",
]

[[package]]
name = "drm-ffi"
version = "0.9.1"
source = "registry+https://github.com/rust-lang/crates.io-index"
checksum = "51a91c9b32ac4e8105dec255e849e0d66e27d7c34d184364fb93e469db08f690"
dependencies = [
 "drm-sys",
 "rustix 1.1.4",
]

[[package]]
name = "drm-fourcc"
version = "2.2.0"
source = "registry+https://github.com/rust-lang/crates.io-index"
checksum = "0aafbcdb8afc29c1a7ee5fbe53b5d62f4565b35a042a662ca9fecd0b54dae6f4"

[[package]]
name = "drm-sys"
version = "0.8.1"
source = "registry+https://github.com/rust-lang/crates.io-index"
checksum = "ecc8e1361066d91f5ffccff060a3c3be9c3ecde15be2959c1937595f7a82a9f8"
dependencies = [
 "libc",
 "linux-raw-sys 0.9.4",
]

[[package]]
name = "equivalent"
version = "1.0.2"
source = "registry+https://github.com/rust-lang/crates.io-index"
checksum = "877a4ace8713b0bcf2a4e7eec82529c029f1d0619886d18145fea96c3ffe5c0f"

[[package]]
name = "errno"
version = "0.3.14"
source = "registry+https://github.com/rust-lang/crates.io-index"
checksum = "39cab71617ae0d63f51a36d69f866391735b51691dbda63cf6f96d042b63efeb"
dependencies = [
 "libc",
 "windows-sys 0.61.2",
]

[[package]]
name = "fdeflate"
version = "0.3.7"
source = "registry+https://github.com/rust-lang/crates.io-index"
checksum = "1e6853b52649d4ac5c0bd02320cddc5ba956bdb407c4b75a2c6b75bf51500f8c"
dependencies = [
 "simd-adler32",
]

[[package]]
name = "field-offset"
version = "0.3.6"
source = "registry+https://github.com/rust-lang/crates.io-index"
checksum = "38e2275cc4e4fc009b0669731a1e5ab7ebf11f469eaede2bab9309a5b4d6057f"
dependencies = [
 "memoffset",
 "rustc_version",
]

[[package]]
name = "find-msvc-tools"
version = "0.1.12"
source = "registry+https://github.com/rust-lang/crates.io-index"
checksum = "3e0f1c7c3a72c66fd80abe965175f7523475c0489a87d3ff9d6e8c87d87a9d2d"

[[package]]
name = "flate2"
version = "1.1.10"
source = "registry+https://github.com/rust-lang/crates.io-index"
checksum = "6e634e2e0ebac1ee034020da1ca582e17ffe4e0f5e985823721e168928136dcb"
dependencies = [
 "crc32fast",
 "miniz_oxide 0.9.1",
 "zlib-rs",
]

[[package]]
name = "futures-channel"
version = "0.3.34"
source = "registry+https://github.com/rust-lang/crates.io-index"
checksum = "b1f9e3d69d39e4862ffed03ed071a76f9a13ba1d9109d355b0f0aa6b15e393c4"
dependencies = [
 "futures-core",
]

[[package]]
name = "futures-core"
version = "0.3.34"
source = "registry+https://github.com/rust-lang/crates.io-index"
checksum = "92d699e522242e69e3003b94ecc1f960f3a5e015aa7c5d7486e65ad01dd94f5e"

[[package]]
name = "futures-executor"
version = "0.3.34"
source = "registry+https://github.com/rust-lang/crates.io-index"
checksum = "031b47cf1a3c6cc8bc2fc76cd437f521619387907d469316e7c0bc278f1f5432"
dependencies = [
 "futures-core",
 "futures-task",
 "futures-util",
]

[[package]]
name = "futures-io"
version = "0.3.34"
source = "registry+https://github.com/rust-lang/crates.io-index"
checksum = "53c0fa8157de1303bfffdaa1cc2a673bfffb60102f76b0ef4441659124373fed"

[[package]]
name = "futures-macro"
version = "0.3.34"
source = "registry+https://github.com/rust-lang/crates.io-index"
checksum = "9fb9654ba8355388abeb8dcb4fc62f511300867002afc858860463bdd9fe0c44"
dependencies = [
 "proc-macro2",
 "quote",
 "syn 3.0.5",
]

[[package]]
name = "futures-task"
version = "0.3.34"
source = "registry+https://github.com/rust-lang/crates.io-index"
checksum = "cd417de3d1d015fc3bfd2b1ea46dfc7bab72ef86f1cc7cc9c78e728b34a6d1fd"

[[package]]
name = "futures-util"
version = "0.3.34"
source = "registry+https://github.com/rust-lang/crates.io-index"
checksum = "0d50a92467f8ba5dd6e3ee5d4bd04d73ab2e4e1c44474a0674821dfce14b79bc"
dependencies = [
 "futures-core",
 "futures-macro",
 "futures-task",
 "pin-project-lite",
 "slab",
]

[[package]]
name = "gbm"
version = "0.18.0"
source = "registry+https://github.com/rust-lang/crates.io-index"
checksum = "ce852e998d3ca5e4a97014fb31c940dc5ef344ec7d364984525fd11e8a547e6a"
dependencies = [
 "bitflags",
 "drm 0.14.1",
 "drm-fourcc",
 "gbm-sys",
 "libc",
 "wayland-backend",
 "wayland-server",
]

[[package]]
name = "gbm-sys"
version = "0.4.0"
source = "registry+https://github.com/rust-lang/crates.io-index"
checksum = "c13a5f2acc785d8fb6bf6b7ab6bfb0ef5dad4f4d97e8e70bb8e470722312f76f"
dependencies = [
 "libc",
]

[[package]]
name = "gdk-pixbuf"
version = "0.20.10"
source = "registry+https://github.com/rust-lang/crates.io-index"
checksum = "2fd242894c084f4beed508a56952750bce3e96e85eb68fdc153637daa163e10c"
dependencies = [
 "gdk-pixbuf-sys",
 "gio",
 "glib",
 "libc",
]

[[package]]
name = "gdk-pixbuf-sys"
version = "0.20.10"
source = "registry+https://github.com/rust-lang/crates.io-index"
checksum = "5b34f3b580c988bd217e9543a2de59823fafae369d1a055555e5f95a8b130b96"
dependencies = [
 "gio-sys",
 "glib-sys",
 "gobject-sys",
 "libc",
 "system-deps",
]

[[package]]
name = "gdk4"
version = "0.9.6"
source = "registry+https://github.com/rust-lang/crates.io-index"
checksum = "4850c9d9c1aecd1a3eb14fadc1cdb0ac0a2298037e116264c7473e1740a32d60"
dependencies = [
 "cairo-rs",
 "gdk-pixbuf",
 "gdk4-sys",
 "gio",
 "gl",
 "glib",
 "libc",
 "pango",
]

[[package]]
name = "gdk4-sys"
version = "0.9.6"
source = "registry+https://github.com/rust-lang/crates.io-index"
checksum = "6f6eb95798e2b46f279cf59005daf297d5b69555428f185650d71974a910473a"
dependencies = [
 "cairo-sys-rs",
 "gdk-pixbuf-sys",
 "gio-sys",
 "glib-sys",
 "gobject-sys",
 "libc",
 "pango-sys",
 "pkg-config",
 "system-deps",
]

[[package]]
name = "gio"
version = "0.20.12"
source = "registry+https://github.com/rust-lang/crates.io-index"
checksum = "8e27e276e7b6b8d50f6376ee7769a71133e80d093bdc363bd0af71664228b831"
dependencies = [
 "futures-channel",
 "futures-core",
 "futures-io",
 "futures-util",
 "gio-sys",
 "glib",
 "libc",
 "pin-project-lite",
 "smallvec",
]

[[package]]
name = "gio-sys"
version = "0.20.10"
source = "registry+https://github.com/rust-lang/crates.io-index"
checksum = "521e93a7e56fc89e84aea9a52cfc9436816a4b363b030260b699950ff1336c83"
dependencies = [
 "glib-sys",
 "gobject-sys",
 "libc",
 "system-deps",
 "windows-sys 0.59.0",
]

[[package]]
name = "gl"
version = "0.14.0"
source = "registry+https://github.com/rust-lang/crates.io-index"
checksum = "a94edab108827d67608095e269cf862e60d920f144a5026d3dbcfd8b877fb404"
dependencies = [
 "gl_generator",
]

[[package]]
name = "gl_generator"
version = "0.14.0"
source = "registry+https://github.com/rust-lang/crates.io-index"
checksum = "1a95dfc23a2b4a9a2f5ab41d194f8bfda3cabec42af4e39f08c339eb2a0c124d"
dependencies = [
 "khronos_api",
 "log",
 "xml-rs",
]

[[package]]
name = "glib"
version = "0.20.12"
source = "registry+https://github.com/rust-lang/crates.io-index"
checksum = "ffc4b6e352d4716d84d7dde562dd9aee2a7d48beb872dd9ece7f2d1515b2d683"
dependencies = [
 "bitflags",
 "futures-channel",
 "futures-core",
 "futures-executor",
 "futures-task",
 "futures-util",
 "gio-sys",
 "glib-macros",
 "glib-sys",
 "gobject-sys",
 "libc",
 "memchr",
 "smallvec",
]

[[package]]
name = "glib-macros"
version = "0.20.12"
source = "registry+https://github.com/rust-lang/crates.io-index"
checksum = "e8084af62f09475a3f529b1629c10c429d7600ee1398ae12dd3bf175d74e7145"
dependencies = [
 "heck",
 "proc-macro-crate",
 "proc-macro2",
 "quote",
 "syn 2.0.119",
]

[[package]]
name = "glib-sys"
version = "0.20.10"
source = "registry+https://github.com/rust-lang/crates.io-index"
checksum = "8ab79e1ed126803a8fb827e3de0e2ff95191912b8db65cee467edb56fc4cc215"
dependencies = [
 "libc",
 "system-deps",
]

[[package]]
name = "gobject-sys"
version = "0.20.10"
source = "registry+https://github.com/rust-lang/crates.io-index"
checksum = "ec9aca94bb73989e3cfdbf8f2e0f1f6da04db4d291c431f444838925c4c63eda"
dependencies = [
 "glib-sys",
 "libc",
 "system-deps",
]

[[package]]
name = "graphene-rs"
version = "0.20.10"
source = "registry+https://github.com/rust-lang/crates.io-index"
checksum = "6b86dfad7d14251c9acaf1de63bc8754b7e3b4e5b16777b6f5a748208fe9519b"
dependencies = [
 "glib",
 "graphene-sys",
 "libc",
]

[[package]]
name = "graphene-sys"
version = "0.20.10"
source = "registry+https://github.com/rust-lang/crates.io-index"
checksum = "df583a85ba2d5e15e1797e40d666057b28bc2f60a67c9c24145e6db2cc3861ea"
dependencies = [
 "glib-sys",
 "libc",
 "pkg-config",
 "system-deps",
]

[[package]]
name = "gsk4"
version = "0.9.6"
source = "registry+https://github.com/rust-lang/crates.io-index"
checksum = "61f5e72f931c8c9f65fbfc89fe0ddc7746f147f822f127a53a9854666ac1f855"
dependencies = [
 "cairo-rs",
 "gdk4",
 "glib",
 "graphene-rs",
 "gsk4-sys",
 "libc",
 "pango",
]

[[package]]
name = "gsk4-sys"
version = "0.9.6"
source = "registry+https://github.com/rust-lang/crates.io-index"
checksum = "755059de55fa6f85a46bde8caf03e2184c96bfda1f6206163c72fb0ea12436dc"
dependencies = [
 "cairo-sys-rs",
 "gdk4-sys",
 "glib-sys",
 "gobject-sys",
 "graphene-sys",
 "libc",
 "pango-sys",
 "system-deps",
]

[[package]]
name = "gtk4"
version = "0.9.7"
source = "registry+https://github.com/rust-lang/crates.io-index"
checksum = "f274dd0102c21c47bbfa8ebcb92d0464fab794a22fad6c3f3d5f165139a326d6"
dependencies = [
 "cairo-rs",
 "field-offset",
 "futures-channel",
 "gdk-pixbuf",
 "gdk4",
 "gio",
 "glib",
 "graphene-rs",
 "gsk4",
 "gtk4-macros",
 "gtk4-sys",
 "libc",
 "pango",
]

[[package]]
name = "gtk4-layer-shell"
version = "0.4.0"
source = "registry+https://github.com/rust-lang/crates.io-index"
checksum = "f3e1e1b1516be3d7ca089dfa6a1e688e268c74aef50c0c25fe8c46b1ba8ed1cc"
dependencies = [
 "bitflags",
 "gdk4",
 "glib",
 "glib-sys",
 "gtk4",
 "gtk4-layer-shell-sys",
 "libc",
]

[[package]]
name = "gtk4-layer-shell-sys"
version = "0.3.0"
source = "registry+https://github.com/rust-lang/crates.io-index"
checksum = "e3057dc117db2d664a9b45f1956568701914e80cf9f2c8cef0a755af4c1c8105"
dependencies = [
 "gdk4-sys",
 "glib-sys",
 "gtk4-sys",
 "libc",
 "system-deps",
]

[[package]]
name = "gtk4-macros"
version = "0.9.5"
source = "registry+https://github.com/rust-lang/crates.io-index"
checksum = "0ed1786c4703dd196baf7e103525ce0cf579b3a63a0570fe653b7ee6bac33999"
dependencies = [
 "proc-macro-crate",
 "proc-macro2",
 "quote",
 "syn 2.0.119",
]

[[package]]
name = "gtk4-sys"
version = "0.9.6"
source = "registry+https://github.com/rust-lang/crates.io-index"
checksum = "41e03b01e54d77c310e1d98647d73f996d04b2f29b9121fe493ea525a7ec03d6"
dependencies = [
 "cairo-sys-rs",
 "gdk-pixbuf-sys",
 "gdk4-sys",
 "gio-sys",
 "glib-sys",
 "gobject-sys",
 "graphene-sys",
 "gsk4-sys",
 "libc",
 "pango-sys",
 "system-deps",
]

[[package]]
name = "hashbrown"
version = "0.17.1"
source = "registry+https://github.com/rust-lang/crates.io-index"
checksum = "ed5909b6e89a2db4456e54cd5f673791d7eca6732202bbf2a9cc504fe2f9b84a"

[[package]]
name = "heck"
version = "0.5.0"
source = "registry+https://github.com/rust-lang/crates.io-index"
checksum = "2304e00983f87ffb38b55b444b5e3b60a884b5d30c0fca7d82fe33449bbe55ea"

[[package]]
name = "hyprland-share-picker-gtk"
version = "0.1.0"
dependencies = [
 "anyhow",
 "cairo-rs",
 "clap",
 "gdk4",
 "gio",
 "glib",
 "gtk4",
 "gtk4-layer-shell",
 "image",
 "libc",
 "libwayshot",
 "regex",
 "rustix 0.38.44",
 "serde",
 "serde_json",
]

[[package]]
name = "image"
version = "0.25.10"
source = "registry+https://github.com/rust-lang/crates.io-index"
checksum = "85ab80394333c02fe689eaf900ab500fbd0c2213da414687ebf995a65d5a6104"
dependencies = [
 "bytemuck",
 "byteorder-lite",
 "moxcms",
 "num-traits",
 "png",
 "zune-core",
 "zune-jpeg",
]

[[package]]
name = "indexmap"
version = "2.14.2"
source = "registry+https://github.com/rust-lang/crates.io-index"
checksum = "cc4e190f5d26ca7051642629da2c52fc03bde85a03197c99408dcd291734c855"
dependencies = [
 "equivalent",
 "hashbrown",
]

[[package]]
name = "is_terminal_polyfill"
version = "1.70.2"
source = "registry+https://github.com/rust-lang/crates.io-index"
checksum = "a6cb138bb79a146c1bd460005623e142ef0181e3d0219cb493e02f7d08a35695"

[[package]]
name = "itoa"
version = "1.0.18"
source = "registry+https://github.com/rust-lang/crates.io-index"
checksum = "8f42a60cbdf9a97f5d2305f08a87dc4e09308d1276d28c869c684d7777685682"

[[package]]
name = "khronos_api"
version = "3.1.0"
source = "registry+https://github.com/rust-lang/crates.io-index"
checksum = "e2db585e1d738fc771bf08a151420d3ed193d9d895a36df7f6f8a9456b911ddc"

[[package]]
name = "libc"
version = "0.2.189"
source = "registry+https://github.com/rust-lang/crates.io-index"
checksum = "3eaf3ede3fee6db1a4c2ee091bf8a8b4dccdc6d17f656fb07896ee72867612f2"

[[package]]
name = "libloading"
version = "0.8.9"
source = "registry+https://github.com/rust-lang/crates.io-index"
checksum = "d7c4b02199fee7c5d21a5ae7d8cfa79a6ef5bb2fc834d6e9058e89c825efdc55"
dependencies = [
 "cfg-if",
 "windows-link",
]

[[package]]
name = "libwayshot"
version = "0.9.0"
source = "registry+https://github.com/rust-lang/crates.io-index"
checksum = "2091a51ba887965be06c011f7d5b90f3c706791892359f8af5aa0a81a15a310e"
dependencies = [
 "drm 0.15.0",
 "gbm",
 "gl",
 "image",
 "memmap2",
 "r-egl-wayland",
 "rustix 1.1.4",
 "thiserror",
 "tracing",
 "wayland-backend",
 "wayland-client",
 "wayland-protocols",
 "wayland-protocols-wlr",
]

[[package]]
name = "linux-raw-sys"
version = "0.4.15"
source = "registry+https://github.com/rust-lang/crates.io-index"
checksum = "d26c52dbd32dccf2d10cac7725f8eae5296885fb5703b261f7d0a0739ec807ab"

[[package]]
name = "linux-raw-sys"
version = "0.9.4"
source = "registry+https://github.com/rust-lang/crates.io-index"
checksum = "cd945864f07fe9f5371a27ad7b52a172b4b499999f1d97574c9fa68373937e12"

[[package]]
name = "linux-raw-sys"
version = "0.12.1"
source = "registry+https://github.com/rust-lang/crates.io-index"
checksum = "32a66949e030da00e8c7d4434b251670a91556f4144941d37452769c25d58a53"

[[package]]
name = "log"
version = "0.4.34"
source = "registry+https://github.com/rust-lang/crates.io-index"
checksum = "f9f8bd3e56ce4dfc153cf470fffbfa98c7620958b312ca5c3a4b8d5181fd13c6"

[[package]]
name = "memchr"
version = "2.8.3"
source = "registry+https://github.com/rust-lang/crates.io-index"
checksum = "cf8baf1c55e62ffcace7a9f06f4bd9cd3f0c4beb022d3b367256b91b87513d98"

[[package]]
name = "memmap2"
version = "0.9.11"
source = "registry+https://github.com/rust-lang/crates.io-index"
checksum = "d1219ed1b7f229ee7104d281dd01d6802fe28bb6e95d292942c4daacdeb798c0"
dependencies = [
 "libc",
]

[[package]]
name = "memoffset"
version = "0.9.1"
source = "registry+https://github.com/rust-lang/crates.io-index"
checksum = "488016bfae457b036d996092f6cb448677611ce4449e970ceaf42695203f218a"
dependencies = [
 "autocfg",
]

[[package]]
name = "miniz_oxide"
version = "0.8.9"
source = "registry+https://github.com/rust-lang/crates.io-index"
checksum = "1fa76a2c86f704bdb222d66965fb3d63269ce38518b83cb0575fca855ebb6316"
dependencies = [
 "adler2",
 "simd-adler32",
]

[[package]]
name = "miniz_oxide"
version = "0.9.1"
source = "registry+https://github.com/rust-lang/crates.io-index"
checksum = "b63fbc4a50860e98e7b2aa7804ded1db5cbc3aff9193adaff57a6931bf7c4b4c"
dependencies = [
 "adler2",
 "simd-adler32",
]

[[package]]
name = "moxcms"
version = "0.8.1"
source = "registry+https://github.com/rust-lang/crates.io-index"
checksum = "bb85c154ba489f01b25c0d36ae69a87e4a1c73a72631fc6c0eb6dde34a73e44b"
dependencies = [
 "num-traits",
 "pxfm",
]

[[package]]
name = "num-traits"
version = "0.2.19"
source = "registry+https://github.com/rust-lang/crates.io-index"
checksum = "071dfc062690e90b734c0b2273ce72ad0ffa95f0c74596bc250dcfd960262841"
dependencies = [
 "autocfg",
]

[[package]]
name = "once_cell"
version = "1.21.4"
source = "registry+https://github.com/rust-lang/crates.io-index"
checksum = "9f7c3e4beb33f85d45ae3e3a1792185706c8e16d043238c593331cc7cd313b50"

[[package]]
name = "once_cell_polyfill"
version = "1.70.2"
source = "registry+https://github.com/rust-lang/crates.io-index"
checksum = "384b8ab6d37215f3c5301a95a4accb5d64aa607f1fcb26a11b5303878451b4fe"

[[package]]
name = "pango"
version = "0.20.12"
source = "registry+https://github.com/rust-lang/crates.io-index"
checksum = "6576b311f6df659397043a5fa8a021da8f72e34af180b44f7d57348de691ab5c"
dependencies = [
 "gio",
 "glib",
 "libc",
 "pango-sys",
]

[[package]]
name = "pango-sys"
version = "0.20.10"
source = "registry+https://github.com/rust-lang/crates.io-index"
checksum = "186909673fc09be354555c302c0b3dcf753cd9fa08dcb8077fa663c80fb243fa"
dependencies = [
 "glib-sys",
 "gobject-sys",
 "libc",
 "system-deps",
]

[[package]]
name = "pin-project-lite"
version = "0.2.17"
source = "registry+https://github.com/rust-lang/crates.io-index"
checksum = "a89322df9ebe1c1578d689c92318e070967d1042b512afbe49518723f4e6d5cd"

[[package]]
name = "pkg-config"
version = "0.3.34"
source = "registry+https://github.com/rust-lang/crates.io-index"
checksum = "f6b464fbc74e149a392436b17d523f769e057cb6877f6a5c4618bc6f11800548"

[[package]]
name = "png"
version = "0.18.1"
source = "registry+https://github.com/rust-lang/crates.io-index"
checksum = "60769b8b31b2a9f263dae2776c37b1b28ae246943cf719eb6946a1db05128a61"
dependencies = [
 "bitflags",
 "crc32fast",
 "fdeflate",
 "flate2",
 "miniz_oxide 0.8.9",
]

[[package]]
name = "proc-macro-crate"
version = "3.5.0"
source = "registry+https://github.com/rust-lang/crates.io-index"
checksum = "e67ba7e9b2b56446f1d419b1d807906278ffa1a658a8a5d8a39dcb1f5a78614f"
dependencies = [
 "toml_edit",
]

[[package]]
name = "proc-macro2"
version = "1.0.107"
source = "registry+https://github.com/rust-lang/crates.io-index"
checksum = "985e7ec9bb745e6ce6535b544d84d6cd6f7ad8bd711c398938ae983b91a766d9"
dependencies = [
 "unicode-ident",
]

[[package]]
name = "pxfm"
version = "0.1.30"
source = "registry+https://github.com/rust-lang/crates.io-index"
checksum = "d55d956fa96f5ec02be2e13af0e20391a5aa83d6a074e3ad368959d0fab299ea"

[[package]]
name = "quick-xml"
version = "0.41.0"
source = "registry+https://github.com/rust-lang/crates.io-index"
checksum = "e660451e55124f798a69a5af3f49ccfbefbd41910eefd25caf2393e1f3473ec1"
dependencies = [
 "memchr",
]

[[package]]
name = "quote"
version = "1.0.47"
source = "registry+https://github.com/rust-lang/crates.io-index"
checksum = "1fbf4db142a473a8d80c26bbf18454ed458bf8d26c8219c331daecfdbd079001"
dependencies = [
 "proc-macro2",
]

[[package]]
name = "r-egl"
version = "0.7.1"
source = "registry+https://github.com/rust-lang/crates.io-index"
checksum = "74c68c047fb54b1eb9a0e751d9b238ff41195a4fcdae90ddc6b43b5903e2b09b"
dependencies = [
 "libc",
 "pkg-config",
]

[[package]]
name = "r-egl-wayland"
version = "0.7.1"
source = "registry+https://github.com/rust-lang/crates.io-index"
checksum = "a9b502a04cf38d8ab73fded506bb3a84999fc6cfea9801d1b459402a79f963d4"
dependencies = [
 "r-egl",
 "wayland-backend",
 "wayland-client",
 "wayland-protocols",
]

[[package]]
name = "regex"
version = "1.13.1"
source = "registry+https://github.com/rust-lang/crates.io-index"
checksum = "f020237b6c8eed93db2e2cb53c00c60a8e1bc73da7d073199a1180401450218d"
dependencies = [
 "aho-corasick",
 "memchr",
 "regex-automata",
 "regex-syntax",
]

[[package]]
name = "regex-automata"
version = "0.4.18"
source = "registry+https://github.com/rust-lang/crates.io-index"
checksum = "ad8553b9b26413251cbf30e620595c7a41b3887f03da04579c0e6b0d6a06b4b2"
dependencies = [
 "aho-corasick",
 "memchr",
 "regex-syntax",
]

[[package]]
name = "regex-syntax"
version = "0.8.11"
source = "registry+https://github.com/rust-lang/crates.io-index"
checksum = "d6f6ff9a378485b298a5286656da665ba74413d36db0979633275d2e708145d4"

[[package]]
name = "rustc_version"
version = "0.4.1"
source = "registry+https://github.com/rust-lang/crates.io-index"
checksum = "cfcb3a22ef46e85b45de6ee7e79d063319ebb6594faafcf1c225ea92ab6e9b92"
dependencies = [
 "semver",
]

[[package]]
name = "rustix"
version = "0.38.44"
source = "registry+https://github.com/rust-lang/crates.io-index"
checksum = "fdb5bc1ae2baa591800df16c9ca78619bf65c0488b41b96ccec5d11220d8c154"
dependencies = [
 "bitflags",
 "errno",
 "libc",
 "linux-raw-sys 0.4.15",
 "windows-sys 0.59.0",
]

[[package]]
name = "rustix"
version = "1.1.4"
source = "registry+https://github.com/rust-lang/crates.io-index"
checksum = "b6fe4565b9518b83ef4f91bb47ce29620ca828bd32cb7e408f0062e9930ba190"
dependencies = [
 "bitflags",
 "errno",
 "libc",
 "linux-raw-sys 0.12.1",
 "windows-sys 0.61.2",
]

[[package]]
name = "scoped-tls"
version = "1.0.1"
source = "registry+https://github.com/rust-lang/crates.io-index"
checksum = "e1cf6437eb19a8f4a6cc0f7dca544973b0b78843adbfeb3683d1a94a0024a294"

[[package]]
name = "semver"
version = "1.0.28"
source = "registry+https://github.com/rust-lang/crates.io-index"
checksum = "8a7852d02fc848982e0c167ef163aaff9cd91dc640ba85e263cb1ce46fae51cd"

[[package]]
name = "serde"
version = "1.0.229"
source = "registry+https://github.com/rust-lang/crates.io-index"
checksum = "4148590afebada386688f18773da617792bf2ef03ffc1e4cbd2b1d45b023e0ba"
dependencies = [
 "serde_core",
 "serde_derive",
]

[[package]]
name = "serde_core"
version = "1.0.229"
source = "registry+https://github.com/rust-lang/crates.io-index"
checksum = "67dca2c9c51e58a4791a4b1ed58308b39c64224d349a935ab5039aa360942a48"
dependencies = [
 "serde_derive",
]

[[package]]
name = "serde_derive"
version = "1.0.229"
source = "registry+https://github.com/rust-lang/crates.io-index"
checksum = "e7a5d71263a5a7d47b41f6b3f06ba276f10cc18b0931f1799f710578e2309348"
dependencies = [
 "proc-macro2",
 "quote",
 "syn 3.0.5",
]

[[package]]
name = "serde_json"
version = "1.0.151"
source = "registry+https://github.com/rust-lang/crates.io-index"
checksum = "c841b55ecdae098c80dcae9cf767f6f8a0c2cdb3416bbef72181df4d0fe73f14"
dependencies = [
 "itoa",
 "memchr",
 "serde",
 "serde_core",
 "zmij",
]

[[package]]
name = "serde_spanned"
version = "1.1.1"
source = "registry+https://github.com/rust-lang/crates.io-index"
checksum = "6662b5879511e06e8999a8a235d848113e942c9124f211511b16466ee2995f26"
dependencies = [
 "serde_core",
]

[[package]]
name = "shlex"
version = "2.0.1"
source = "registry+https://github.com/rust-lang/crates.io-index"
checksum = "f8fadd59c855ef2080decdef8ff161eb6661b86933c9d82e5ba29dc602a55aba"

[[package]]
name = "simd-adler32"
version = "0.3.10"
source = "registry+https://github.com/rust-lang/crates.io-index"
checksum = "3a219298ac11a56ea9a6d2120044824d6f01aeb034955e7af7bc16858527deea"

[[package]]
name = "slab"
version = "0.4.12"
source = "registry+https://github.com/rust-lang/crates.io-index"
checksum = "0c790de23124f9ab44544d7ac05d60440adc586479ce501c1d6d7da3cd8c9cf5"

[[package]]
name = "smallvec"
version = "1.16.0"
source = "registry+https://github.com/rust-lang/crates.io-index"
checksum = "b9be42f50aa861c555654aa3a37f52f4b1074bacf4e48fe0ef7fa584e80f1f0f"

[[package]]
name = "strsim"
version = "0.11.1"
source = "registry+https://github.com/rust-lang/crates.io-index"
checksum = "7da8b5736845d9f2fcb837ea5d9e2628564b3b043a70948a3f0b778838c5fb4f"

[[package]]
name = "syn"
version = "2.0.119"
source = "registry+https://github.com/rust-lang/crates.io-index"
checksum = "872831b642d1a07999a962a351ed35b955ea2cfc8f3862091e2a240a84f17297"
dependencies = [
 "proc-macro2",
 "quote",
 "unicode-ident",
]

[[package]]
name = "syn"
version = "3.0.5"
source = "registry+https://github.com/rust-lang/crates.io-index"
checksum = "12df2e0110f65b775f769bb17ef989067a1d931b2eb822bd4346631eeada89f9"
dependencies = [
 "proc-macro2",
 "quote",
 "unicode-ident",
]

[[package]]
name = "system-deps"
version = "7.0.8"
source = "registry+https://github.com/rust-lang/crates.io-index"
checksum = "396a35feb67335377e0251fcbc1092fc85c484bd4e3a7a54319399da127796e7"
dependencies = [
 "cfg-expr",
 "heck",
 "pkg-config",
 "toml",
 "version-compare",
]

[[package]]
name = "target-lexicon"
version = "0.13.5"
source = "registry+https://github.com/rust-lang/crates.io-index"
checksum = "adb6935a6f5c20170eeceb1a3835a49e12e19d792f6dd344ccc76a985ca5a6ca"

[[package]]
name = "thiserror"
version = "2.0.20"
source = "registry+https://github.com/rust-lang/crates.io-index"
checksum = "ec86235f5fcc2a73650310756d2ac5b138a5780bbbdfae3eeccec992c435ba4f"
dependencies = [
 "thiserror-impl",
]

[[package]]
name = "thiserror-impl"
version = "2.0.20"
source = "registry+https://github.com/rust-lang/crates.io-index"
checksum = "bc04cd3e1236dd4a98afca4569f2deb3f120e5422a4023be2cb683f8486292af"
dependencies = [
 "proc-macro2",
 "quote",
 "syn 3.0.5",
]

[[package]]
name = "toml"
version = "1.1.5+spec-1.1.0"
source = "registry+https://github.com/rust-lang/crates.io-index"
checksum = "12c0ba9680044b4ce98d391a62094047eada0d64860b80166c39f4a6b5640785"
dependencies = [
 "indexmap",
 "serde_core",
 "serde_spanned",
 "toml_datetime",
 "toml_parser",
 "toml_writer",
 "winnow",
]

[[package]]
name = "toml_datetime"
version = "1.1.1+spec-1.1.0"
source = "registry+https://github.com/rust-lang/crates.io-index"
checksum = "3165f65f62e28e0115a00b2ebdd37eb6f3b641855f9d636d3cd4103767159ad7"
dependencies = [
 "serde_core",
]

[[package]]
name = "toml_edit"
version = "0.25.13+spec-1.1.0"
source = "registry+https://github.com/rust-lang/crates.io-index"
checksum = "6975367e4d2ef766d86af01ffad14b622fecc8d4357a998fbc4deb6e9bacaf9b"
dependencies = [
 "indexmap",
 "toml_datetime",
 "toml_parser",
 "winnow",
]

[[package]]
name = "toml_parser"
version = "1.1.3+spec-1.1.0"
source = "registry+https://github.com/rust-lang/crates.io-index"
checksum = "1d38ac1cf9b95face32296c0a3ede1fdc270627c9d9c02a7274dd6d960dc4d56"
dependencies = [
 "winnow",
]

[[package]]
name = "toml_writer"
version = "1.1.2+spec-1.1.0"
source = "registry+https://github.com/rust-lang/crates.io-index"
checksum = "7d56353a2a665ad0f41a421187180aab746c8c325620617ad883a99a1cbe66d2"

[[package]]
name = "tracing"
version = "0.1.44"
source = "registry+https://github.com/rust-lang/crates.io-index"
checksum = "63e71662fa4b2a2c3a26f570f037eb95bb1f85397f3cd8076caed2f026a6d100"
dependencies = [
 "pin-project-lite",
 "tracing-attributes",
 "tracing-core",
]

[[package]]
name = "tracing-attributes"
version = "0.1.31"
source = "registry+https://github.com/rust-lang/crates.io-index"
checksum = "7490cfa5ec963746568740651ac6781f701c9c5ea257c58e057f3ba8cf69e8da"
dependencies = [
 "proc-macro2",
 "quote",
 "syn 2.0.119",
]

[[package]]
name = "tracing-core"
version = "0.1.36"
source = "registry+https://github.com/rust-lang/crates.io-index"
checksum = "db97caf9d906fbde555dd62fa95ddba9eecfd14cb388e4f491a66d74cd5fb79a"
dependencies = [
 "once_cell",
]

[[package]]
name = "unicode-ident"
version = "1.0.24"
source = "registry+https://github.com/rust-lang/crates.io-index"
checksum = "e6e4313cd5fcd3dad5cafa179702e2b244f760991f45397d14d4ebf38247da75"

[[package]]
name = "utf8parse"
version = "0.2.2"
source = "registry+https://github.com/rust-lang/crates.io-index"
checksum = "06abde3611657adf66d383f00b093d7faecc7fa57071cce2578660c9f1010821"

[[package]]
name = "version-compare"
version = "0.2.1"
source = "registry+https://github.com/rust-lang/crates.io-index"
checksum = "03c2856837ef78f57382f06b2b8563a2f512f7185d732608fd9176cb3b8edf0e"

[[package]]
name = "wayland-backend"
version = "0.3.17"
source = "registry+https://github.com/rust-lang/crates.io-index"
checksum = "38a91b4eaddff87b1cd1074985e3713da4af2c49742d1b356b2c01670a67a078"
dependencies = [
 "cc",
 "downcast-rs",
 "rustix 1.1.4",
 "scoped-tls",
 "smallvec",
 "wayland-sys",
]

[[package]]
name = "wayland-client"
version = "0.31.15"
source = "registry+https://github.com/rust-lang/crates.io-index"
checksum = "e3c36a0f861ad76d0901f2800b46321410d9f73f2ea88aac0650d86c32688073"
dependencies = [
 "bitflags",
 "rustix 1.1.4",
 "wayland-backend",
 "wayland-scanner",
]

[[package]]
name = "wayland-protocols"
version = "0.32.13"
source = "registry+https://github.com/rust-lang/crates.io-index"
checksum = "23d0c813de3daa2ed6520af85a3bd49b0e722a3078506899aa9686fea58dc4b6"
dependencies = [
 "bitflags",
 "wayland-backend",
 "wayland-client",
 "wayland-scanner",
]

[[package]]
name = "wayland-protocols-wlr"
version = "0.3.12"
source = "registry+https://github.com/rust-lang/crates.io-index"
checksum = "eb04e52f7836d7c7976c78ca0250d61e33873c34156a2a1fc9474828ec268234"
dependencies = [
 "bitflags",
 "wayland-backend",
 "wayland-client",
 "wayland-protocols",
 "wayland-scanner",
]

[[package]]
name = "wayland-scanner"
version = "0.31.11"
source = "registry+https://github.com/rust-lang/crates.io-index"
checksum = "338e30461b3a2b67d70eb30a6d89f8e0c93a833e07d2ae89085cd070c4a00ac0"
dependencies = [
 "proc-macro2",
 "quick-xml",
 "quote",
]

[[package]]
name = "wayland-server"
version = "0.31.14"
source = "registry+https://github.com/rust-lang/crates.io-index"
checksum = "0dde9c29be0f723a573977de51ee455bf3dfa03652730a74f9dd3b337e374d75"
dependencies = [
 "bitflags",
 "downcast-rs",
 "rustix 1.1.4",
 "wayland-backend",
 "wayland-scanner",
]

[[package]]
name = "wayland-sys"
version = "0.31.11"
source = "registry+https://github.com/rust-lang/crates.io-index"
checksum = "d8eab23fefc9e41f8e841df4a9c707e8a8c4ed26e944ef69297184de2785e3be"
dependencies = [
 "dlib",
 "libc",
 "log",
 "memoffset",
 "pkg-config",
]

[[package]]
name = "windows-link"
version = "0.2.1"
source = "registry+https://github.com/rust-lang/crates.io-index"
checksum = "f0805222e57f7521d6a62e36fa9163bc891acd422f971defe97d64e70d0a4fe5"

[[package]]
name = "windows-sys"
version = "0.59.0"
source = "registry+https://github.com/rust-lang/crates.io-index"
checksum = "1e38bc4d79ed67fd075bcc251a1c39b32a1776bbe92e5bef1f0bf1f8c531853b"
dependencies = [
 "windows-targets",
]

[[package]]
name = "windows-sys"
version = "0.61.2"
source = "registry+https://github.com/rust-lang/crates.io-index"
checksum = "ae137229bcbd6cdf0f7b80a31df61766145077ddf49416a728b02cb3921ff3fc"
dependencies = [
 "windows-link",
]

[[package]]
name = "windows-targets"
version = "0.52.6"
source = "registry+https://github.com/rust-lang/crates.io-index"
checksum = "9b724f72796e036ab90c1021d4780d4d3d648aca59e491e6b98e725b84e99973"
dependencies = [
 "windows_aarch64_gnullvm",
 "windows_aarch64_msvc",
 "windows_i686_gnu",
 "windows_i686_gnullvm",
 "windows_i686_msvc",
 "windows_x86_64_gnu",
 "windows_x86_64_gnullvm",
 "windows_x86_64_msvc",
]

[[package]]
name = "windows_aarch64_gnullvm"
version = "0.52.6"
source = "registry+https://github.com/rust-lang/crates.io-index"
checksum = "32a4622180e7a0ec044bb555404c800bc9fd9ec262ec147edd5989ccd0c02cd3"

[[package]]
name = "windows_aarch64_msvc"
version = "0.52.6"
source = "registry+https://github.com/rust-lang/crates.io-index"
checksum = "09ec2a7bb152e2252b53fa7803150007879548bc709c039df7627cabbd05d469"

[[package]]
name = "windows_i686_gnu"
version = "0.52.6"
source = "registry+https://github.com/rust-lang/crates.io-index"
checksum = "8e9b5ad5ab802e97eb8e295ac6720e509ee4c243f69d781394014ebfe8bbfa0b"

[[package]]
name = "windows_i686_gnullvm"
version = "0.52.6"
source = "registry+https://github.com/rust-lang/crates.io-index"
checksum = "0eee52d38c090b3caa76c563b86c3a4bd71ef1a819287c19d586d7334ae8ed66"

[[package]]
name = "windows_i686_msvc"
version = "0.52.6"
source = "registry+https://github.com/rust-lang/crates.io-index"
checksum = "240948bc05c5e7c6dabba28bf89d89ffce3e303022809e73deaefe4f6ec56c66"

[[package]]
name = "windows_x86_64_gnu"
version = "0.52.6"
source = "registry+https://github.com/rust-lang/crates.io-index"
checksum = "147a5c80aabfbf0c7d901cb5895d1de30ef2907eb21fbbab29ca94c5b08b1a78"

[[package]]
name = "windows_x86_64_gnullvm"
version = "0.52.6"
source = "registry+https://github.com/rust-lang/crates.io-index"
checksum = "24d5b23dc417412679681396f2b49f3de8c1473deb516bd34410872eff51ed0d"

[[package]]
name = "windows_x86_64_msvc"
version = "0.52.6"
source = "registry+https://github.com/rust-lang/crates.io-index"
checksum = "589f6da84c646204747d1270a2a5661ea66ed1cced2631d546fdfb155959f9ec"

[[package]]
name = "winnow"
version = "1.0.4"
source = "registry+https://github.com/rust-lang/crates.io-index"
checksum = "23b97319f7b8343df12cc98938e5c3eb436064524c8d2b4e30a1d3a36eecdf81"
dependencies = [
 "memchr",
]

[[package]]
name = "xml-rs"
version = "0.8.29"
source = "registry+https://github.com/rust-lang/crates.io-index"
checksum = "e450f9b2ed1dff33c94c12589a87338689467b9c4f5d8a5710bd09a847d2c8a7"

[[package]]
name = "zlib-rs"
version = "0.6.7"
source = "registry+https://github.com/rust-lang/crates.io-index"
checksum = "34b31d188d9d685a4f9c7b46d6e36631b07058d2cfe190267adce54dc230bf12"

[[package]]
name = "zmij"
version = "1.0.23"
source = "registry+https://github.com/rust-lang/crates.io-index"
checksum = "29666d0abbfad1e3dc4dcf6144730dd3a3ab225bbbdac83319345b1b44ccfc1b"

[[package]]
name = "zune-core"
version = "0.5.3"
source = "registry+https://github.com/rust-lang/crates.io-index"
checksum = "d56377fd46368984a170bc5aac5567e52ca5da874caa60bea39fcbca78fb658b"

[[package]]
name = "zune-jpeg"
version = "0.5.15"
source = "registry+https://github.com/rust-lang/crates.io-index"
checksum = "27bc9d5b815bc103f142aa054f561d9187d191692ec7c2d1e2b4737f8dbd7296"
dependencies = [
 "zune-core",
]
