{
  "nodes": {
    "agenix": {
      "inputs": {
        "darwin": "darwin",
        "home-manager": "home-manager",
        "nixpkgs": "nixpkgs"
      },
      "locked": {
        "lastModified": 1696775529,
        "narHash": "sha256-TYlE4B0ktPtlJJF9IFxTWrEeq+XKG8Ny0gc2FGEAdj0=",
        "owner": "ryantm",
        "repo": "agenix",
        "rev": "daf42cb35b2dc614d1551e37f96406e4c4a2d3e4",
        "type": "github"
      },
      "original": {
        "owner": "ryantm",
        "repo": "agenix",
        "type": "github"
      }
    },
    "darwin": {
      "inputs": {
        "nixpkgs": [
          "agenix",
          "nixpkgs"
        ]
      },
      "locked": {
        "lastModified": 1673295039,
        "narHash": "sha256-AsdYgE8/GPwcelGgrntlijMg4t3hLFJFCRF3tL5WVjA=",
        "owner": "lnl7",
        "repo": "nix-darwin",
        "rev": "87b9d090ad39b25b2400029c64825fc2a8868943",
        "type": "github"
      },
      "original": {
        "owner": "lnl7",
        "ref": "master",
        "repo": "nix-darwin",
        "type": "github"
      }
    },
    "hardware": {
      "locked": {
        "lastModified": 1700392353,
        "narHash": "sha256-KARn8aVJu5fdW0jdJYoOQ1SPqWlNdz4l7r90NbArWSY=",
        "owner": "nixos",
        "repo": "nixos-hardware",
        "rev": "2b00bc76dc893cd996a3d76a2f059d657a5ef37a",
        "type": "github"
      },
      "original": {
        "owner": "nixos",
        "repo": "nixos-hardware",
        "type": "github"
      }
    },
    "home-manager": {
      "inputs": {
        "nixpkgs": [
          "agenix",
          "nixpkgs"
        ]
      },
      "locked": {
        "lastModified": 1682203081,
        "narHash": "sha256-kRL4ejWDhi0zph/FpebFYhzqlOBrk0Pl3dzGEKSAlEw=",
        "owner": "nix-community",
        "repo": "home-manager",
        "rev": "32d3e39c491e2f91152c84f8ad8b003420eab0a1",
        "type": "github"
      },
      "original": {
        "owner": "nix-community",
        "repo": "home-manager",
        "type": "github"
      }
    },
    "home-manager_2": {
      "inputs": {
        "nixpkgs": [
          "nixpkgs"
        ]
      },
      "locked": {
        "lastModified": 1700419052,
        "narHash": "sha256-U6a5f9ynbzcp8PMIHULbHPkbwp7YfPKOYmTcLqlalD4=",
        "owner": "nix-community",
        "repo": "home-manager",
        "rev": "993fb02d20760067b8ee19c713d94cee07037759",
        "type": "github"
      },
      "original": {
        "owner": "nix-community",
        "repo": "home-manager",
        "type": "github"
      }
    },
    "hyprland": {
      "inputs": {
        "hyprland-protocols": "hyprland-protocols",
        "nixpkgs": [
          "nixpkgs"
        ],
        "systems": "systems",
        "wlroots": "wlroots",
        "xdph": "xdph"
      },
      "locked": {
        "lastModified": 1699726486,
        "narHash": "sha256-8PP26+ybmScq5WpFd2JPqUDzG2VggYOvD6/rzY9/CJ4=",
        "owner": "hyprwm",
        "repo": "Hyprland",
        "rev": "9afdd61adeaf413afbe853dbc5fdf6853c8bde21",
        "type": "github"
      },
      "original": {
        "owner": "hyprwm",
        "ref": "v0.32.3",
        "repo": "Hyprland",
        "type": "github"
      }
    },
    "hyprland-protocols": {
      "inputs": {
        "nixpkgs": [
          "hyprland",
          "nixpkgs"
        ],
        "systems": [
          "hyprland",
          "systems"
        ]
      },
      "locked": {
        "lastModified": 1691753796,
        "narHash": "sha256-zOEwiWoXk3j3+EoF3ySUJmberFewWlagvewDRuWYAso=",
        "owner": "hyprwm",
        "repo": "hyprland-protocols",
        "rev": "0c2ce70625cb30aef199cb388f99e19a61a6ce03",
        "type": "github"
      },
      "original": {
        "owner": "hyprwm",
        "repo": "hyprland-protocols",
        "type": "github"
      }
    },
    "hyprland-protocols_2": {
      "inputs": {
        "nixpkgs": [
          "xdph",
          "nixpkgs"
        ],
        "systems": [
          "xdph",
          "systems"
        ]
      },
      "locked": {
        "lastModified": 1691753796,
        "narHash": "sha256-zOEwiWoXk3j3+EoF3ySUJmberFewWlagvewDRuWYAso=",
        "owner": "hyprwm",
        "repo": "hyprland-protocols",
        "rev": "0c2ce70625cb30aef199cb388f99e19a61a6ce03",
        "type": "github"
      },
      "original": {
        "owner": "hyprwm",
        "repo": "hyprland-protocols",
        "type": "github"
      }
    },
    "nix-index-database": {
      "inputs": {
        "nixpkgs": [
          "nixpkgs"
        ]
      },
      "locked": {
        "lastModified": 1700363379,
        "narHash": "sha256-fBEVPFwSZ6AmBE1s1oT7E9WVuqRghruxTnSQ8UUlMkw=",
        "owner": "nix-community",
        "repo": "nix-index-database",
        "rev": "27920146e671a0d565aaa7452907383be14d8d82",
        "type": "github"
      },
      "original": {
        "owner": "nix-community",
        "repo": "nix-index-database",
        "type": "github"
      }
    },
    "nixpkgs": {
      "locked": {
        "lastModified": 1677676435,
        "narHash": "sha256-6FxdcmQr5JeZqsQvfinIMr0XcTyTuR7EXX0H3ANShpQ=",
        "owner": "NixOS",
        "repo": "nixpkgs",
        "rev": "a08d6979dd7c82c4cef0dcc6ac45ab16051c1169",
        "type": "github"
      },
      "original": {
        "owner": "NixOS",
        "ref": "nixos-unstable",
        "repo": "nixpkgs",
        "type": "github"
      }
    },
    "nixpkgs-master": {
      "locked": {
        "lastModified": 1700470918,
        "narHash": "sha256-Rk0AA/0Feu6fAQfGGX1QJGcEgsuiebxDQRB4t3IJxDE=",
        "owner": "nixos",
        "repo": "nixpkgs",
        "rev": "25dfdc28fb15bf3539e3b4d0192287f1efdd387b",
        "type": "github"
      },
      "original": {
        "owner": "nixos",
        "ref": "master",
        "repo": "nixpkgs",
        "type": "github"
      }
    },
    "nixpkgs-unstable": {
      "locked": {
        "lastModified": 1700390070,
        "narHash": "sha256-de9KYi8rSJpqvBfNwscWdalIJXPo8NjdIZcEJum1mH0=",
        "owner": "nixos",
        "repo": "nixpkgs",
        "rev": "e4ad989506ec7d71f7302cc3067abd82730a4beb",
        "type": "github"
      },
      "original": {
        "owner": "nixos",
        "ref": "nixos-unstable",
        "repo": "nixpkgs",
        "type": "github"
      }
    },
    "nixpkgs_2": {
      "locked": {
        "lastModified": 1700390070,
        "narHash": "sha256-de9KYi8rSJpqvBfNwscWdalIJXPo8NjdIZcEJum1mH0=",
        "owner": "nixos",
        "repo": "nixpkgs",
        "rev": "e4ad989506ec7d71f7302cc3067abd82730a4beb",
        "type": "github"
      },
      "original": {
        "owner": "nixos",
        "ref": "nixos-unstable",
        "repo": "nixpkgs",
        "type": "github"
      }
    },
    "nur": {
      "locked": {
        "lastModified": 1700466986,
        "narHash": "sha256-fIo3/il98fHXKC5XWUyeV3/kF1L4MWK1Cobctbb3w4k=",
        "owner": "nix-community",
        "repo": "NUR",
        "rev": "dceea9c120d99dc75ddeec5e6f8ea3c80b10d938",
        "type": "github"
      },
      "original": {
        "owner": "nix-community",
        "repo": "NUR",
        "type": "github"
      }
    },
    "root": {
      "inputs": {
        "agenix": "agenix",
        "hardware": "hardware",
        "home-manager": "home-manager_2",
        "hyprland": "hyprland",
        "nix-index-database": "nix-index-database",
        "nixpkgs": "nixpkgs_2",
        "nixpkgs-master": "nixpkgs-master",
        "nixpkgs-unstable": "nixpkgs-unstable",
        "nur": "nur",
        "xdph": "xdph_2"
      }
    },
    "systems": {
      "locked": {
        "lastModified": 1689347949,
        "narHash": "sha256-12tWmuL2zgBgZkdoB6qXZsgJEH9LR3oUgpaQq2RbI80=",
        "owner": "nix-systems",
        "repo": "default-linux",
        "rev": "31732fcf5e8fea42e59c2488ad31a0e651500f68",
        "type": "github"
      },
      "original": {
        "owner": "nix-systems",
        "repo": "default-linux",
        "type": "github"
      }
    },
    "systems_2": {
      "locked": {
        "lastModified": 1689347949,
        "narHash": "sha256-12tWmuL2zgBgZkdoB6qXZsgJEH9LR3oUgpaQq2RbI80=",
        "owner": "nix-systems",
        "repo": "default-linux",
        "rev": "31732fcf5e8fea42e59c2488ad31a0e651500f68",
        "type": "github"
      },
      "original": {
        "owner": "nix-systems",
        "repo": "default-linux",
        "type": "github"
      }
    },
    "wlroots": {
      "flake": false,
      "locked": {
        "host": "gitlab.freedesktop.org",
        "lastModified": 1699292815,
        "narHash": "sha256-HXu98PyBMKEWLqiTb8viuLDznud/SdkdJsx5A5CWx7I=",
        "owner": "wlroots",
        "repo": "wlroots",
        "rev": "5de9e1a99d6642c2d09d589aa37ff0a8945dcee1",
        "type": "gitlab"
      },
      "original": {
        "host": "gitlab.freedesktop.org",
        "owner": "wlroots",
        "repo": "wlroots",
        "rev": "5de9e1a99d6642c2d09d589aa37ff0a8945dcee1",
        "type": "gitlab"
      }
    },
    "xdph": {
      "inputs": {
        "hyprland-protocols": [
          "hyprland",
          "hyprland-protocols"
        ],
        "nixpkgs": [
          "hyprland",
          "nixpkgs"
        ],
        "systems": [
          "hyprland",
          "systems"
        ]
      },
      "locked": {
        "lastModified": 1697981233,
        "narHash": "sha256-y8q4XUwx+gVK7i2eLjfR32lVo7TYvEslyzrmzYEaPZU=",
        "owner": "hyprwm",
        "repo": "xdg-desktop-portal-hyprland",
        "rev": "22e7a65ff9633e1dedfa5317fdffc49f68de2ff2",
        "type": "github"
      },
      "original": {
        "owner": "hyprwm",
        "repo": "xdg-desktop-portal-hyprland",
        "type": "github"
      }
    },
    "xdph_2": {
      "inputs": {
        "hyprland-protocols": "hyprland-protocols_2",
        "nixpkgs": [
          "nixpkgs"
        ],
        "systems": "systems_2"
      },
      "locked": {
        "lastModified": 1699048835,
        "narHash": "sha256-IKcRTKzlcDsbD5xydRNc9s4c4KjcQHaZgOc5kWPOAtU=",
        "owner": "hyprwm",
        "repo": "xdg-desktop-portal-hyprland",
        "rev": "081b36add935e5c099ae82d6a4db4f3740aad711",
        "type": "github"
      },
      "original": {
        "owner": "hyprwm",
        "ref": "v1.2.4",
        "repo": "xdg-desktop-portal-hyprland",
        "type": "github"
      }
    }
  },
  "root": "root",
  "version": 7
}
